
Microsoft Visual Studio Solution File, Format Version 12.00
# Visual Studio 2013
VisualStudioVersion = 12.0.30501.0
MinimumVisualStudioVersion = 10.0.40219.1
Project("{FAE04EC0-301F-11D3-BF4B-00C04F79EFBC}") = "Web", "Web\Web.csproj", "{0FA15778-1E93-4101-97A9-DECFE58974CF}"
EndProject
Project("{2150E333-8FDC-42A3-9474-1A3956D46DE8}") = ".nuget", ".nuget", "{6E85D3C3-1ED3-42A9-9CF3-F747BFCFBB91}"
	ProjectSection(SolutionItems) = preProject
		.nuget\NuGet.Config = .nuget\NuGet.Config
		.nuget\NuGet.exe = .nuget\NuGet.exe
		.nuget\NuGet.targets = .nuget\NuGet.targets
	EndProjectSection
EndProject
Project("{2150E333-8FDC-42A3-9474-1A3956D46DE8}") = "Solution Items", "Solution Items", "{5AC1E520-F93C-453D-BAB9-2A6A35C556FB}"
	ProjectSection(SolutionItems) = preProject
		.gitattributes = .gitattributes
		.gitignore = .gitignore
		README.md = README.md
	EndProjectSection
EndProject
Project("{FAE04EC0-301F-11D3-BF4B-00C04F79EFBC}") = "DataLayer", "DataLayer\DataLayer.csproj", "{D2097619-B3B9-43BB-AB04-1F44C5B141E6}"
EndProject
Project("{FAE04EC0-301F-11D3-BF4B-00C04F79EFBC}") = "Entities", "Entities\Entities.csproj", "{42B0B90B-18ED-4E0C-92FD-8BD0439AFCD5}"
EndProject
Project("{2150E333-8FDC-42A3-9474-1A3956D46DE8}") = "sites", "sites", "{8BD7AA25-40C6-4C0F-BB5B-CBCE5A529E35}"
EndProject
Project("{2150E333-8FDC-42A3-9474-1A3956D46DE8}") = "one", "one", "{9E6BD4ED-CEAD-4B10-9E78-D23268A03239}"
EndProject
Project("{FAE04EC0-301F-11D3-BF4B-00C04F79EFBC}") = "webapp", "sites\one\webapp\webapp.csproj", "{529EEFBC-AD6C-45B9-BB28-9E3D76731AAA}"
EndProject
Global
	GlobalSection(SolutionConfigurationPlatforms) = preSolution
		Debug|Any CPU = Debug|Any CPU
		Release|Any CPU = Release|Any CPU
	EndGlobalSection
	GlobalSection(ProjectConfigurationPlatforms) = postSolution
		{0FA15778-1E93-4101-97A9-DECFE58974CF}.Debug|Any CPU.ActiveCfg = Debug|Any CPU
		{0FA15778-1E93-4101-97A9-DECFE58974CF}.Debug|Any CPU.Build.0 = Debug|Any CPU
		{0FA15778-1E93-4101-97A9-DECFE58974CF}.Release|Any CPU.ActiveCfg = Release|Any CPU
		{0FA15778-1E93-4101-97A9-DECFE58974CF}.Release|Any CPU.Build.0 = Release|Any CPU
		{D2097619-B3B9-43BB-AB04-1F44C5B141E6}.Debug|Any CPU.ActiveCfg = Debug|Any CPU
		{D2097619-B3B9-43BB-AB04-1F44C5B141E6}.Debug|Any CPU.Build.0 = Debug|Any CPU
		{D2097619-B3B9-43BB-AB04-1F44C5B141E6}.Release|Any CPU.ActiveCfg = Release|Any CPU
		{D2097619-B3B9-43BB-AB04-1F44C5B141E6}.Release|Any CPU.Build.0 = Release|Any CPU
		{42B0B90B-18ED-4E0C-92FD-8BD0439AFCD5}.Debug|Any CPU.ActiveCfg = Debug|Any CPU
		{42B0B90B-18ED-4E0C-92FD-8BD0439AFCD5}.Debug|Any CPU.Build.0 = Debug|Any CPU
		{42B0B90B-18ED-4E0C-92FD-8BD0439AFCD5}.Release|Any CPU.ActiveCfg = Release|Any CPU
		{42B0B90B-18ED-4E0C-92FD-8BD0439AFCD5}.Release|Any CPU.Build.0 = Release|Any CPU
		{529EEFBC-AD6C-45B9-BB28-9E3D76731AAA}.Debug|Any CPU.ActiveCfg = Debug|Any CPU
		{529EEFBC-AD6C-45B9-BB28-9E3D76731AAA}.Debug|Any CPU.Build.0 = Debug|Any CPU
		{529EEFBC-AD6C-45B9-BB28-9E3D76731AAA}.Release|Any CPU.ActiveCfg = Release|Any CPU
		{529EEFBC-AD6C-45B9-BB28-9E3D76731AAA}.Release|Any CPU.Build.0 = Release|Any CPU
	EndGlobalSection
	GlobalSection(SolutionProperties) = preSolution
		HideSolutionNode = FALSE
	EndGlobalSection
	GlobalSection(NestedProjects) = preSolution
		{9E6BD4ED-CEAD-4B10-9E78-D23268A03239} = {8BD7AA25-40C6-4C0F-BB5B-CBCE5A529E35}
		{529EEFBC-AD6C-45B9-BB28-9E3D76731AAA} = {9E6BD4ED-CEAD-4B10-9E78-D23268A03239}
	EndGlobalSection
EndGlobal
